
Microsoft Visual Studio Solution File, Format Version 12.00
# Visual Studio Version 16
VisualStudioVersion = 16.0.29306.81
MinimumVisualStudioVersion = 10.0.40219.1
Project("{FAE04EC0-301F-11D3-BF4B-00C04F79EFBC}") = "InchesToCmConverter", "InchesToCmConverter\InchesToCmConverter.csproj", "{3FC18259-164C-4B69-85A2-5C53F58A9D10}"
EndProject
Global
	GlobalSection(SolutionConfigurationPlatforms) = preSolution
		Debug|Any CPU = Debug|Any CPU
		Release|Any CPU = Release|Any CPU
	EndGlobalSection
	GlobalSection(ProjectConfigurationPlatforms) = postSolution
		{3FC18259-164C-4B69-85A2-5C53F58A9D10}.Debug|Any CPU.ActiveCfg = Debug|Any CPU
		{3FC18259-164C-4B69-85A2-5C53F58A9D10}.Debug|Any CPU.Build.0 = Debug|Any CPU
		{3FC18259-164C-4B69-85A2-5C53F58A9D10}.Release|Any CPU.ActiveCfg = Release|Any CPU
		{3FC18259-164C-4B69-85A2-5C53F58A9D10}.Release|Any CPU.Build.0 = Release|Any CPU
	EndGlobalSection
	GlobalSection(SolutionProperties) = preSolution
		HideSolutionNode = FALSE
	EndGlobalSection
	GlobalSection(ExtensibilityGlobals) = postSolution
		SolutionGuid = {D188E8EB-E41A-44EE-B5B4-6CBF296B68AD}
	EndGlobalSection
EndGlobal
