
Microsoft Visual Studio Solution File, Format Version 12.00
# Visual Studio Version 16
VisualStudioVersion = 16.0.29306.81
MinimumVisualStudioVersion = 10.0.40219.1
Project("{FAE04EC0-301F-11D3-BF4B-00C04F79EFBC}") = "DishWasher", "DishWasher\DishWasher.csproj", "{6F672A85-4D2A-4554-A1C5-618E81B88518}"
EndProject
Project("{FAE04EC0-301F-11D3-BF4B-00C04F79EFBC}") = "System", "System\System.csproj", "{43B2D974-23BF-42A6-ABB1-7F66D94C3D3D}"
EndProject
Global
	GlobalSection(SolutionConfigurationPlatforms) = preSolution
		Debug|Any CPU = Debug|Any CPU
		Release|Any CPU = Release|Any CPU
	EndGlobalSection
	GlobalSection(ProjectConfigurationPlatforms) = postSolution
		{6F672A85-4D2A-4554-A1C5-618E81B88518}.Debug|Any CPU.ActiveCfg = Debug|Any CPU
		{6F672A85-4D2A-4554-A1C5-618E81B88518}.Debug|Any CPU.Build.0 = Debug|Any CPU
		{6F672A85-4D2A-4554-A1C5-618E81B88518}.Release|Any CPU.ActiveCfg = Release|Any CPU
		{6F672A85-4D2A-4554-A1C5-618E81B88518}.Release|Any CPU.Build.0 = Release|Any CPU
		{43B2D974-23BF-42A6-ABB1-7F66D94C3D3D}.Debug|Any CPU.ActiveCfg = Debug|Any CPU
		{43B2D974-23BF-42A6-ABB1-7F66D94C3D3D}.Debug|Any CPU.Build.0 = Debug|Any CPU
		{43B2D974-23BF-42A6-ABB1-7F66D94C3D3D}.Release|Any CPU.ActiveCfg = Release|Any CPU
		{43B2D974-23BF-42A6-ABB1-7F66D94C3D3D}.Release|Any CPU.Build.0 = Release|Any CPU
	EndGlobalSection
	GlobalSection(SolutionProperties) = preSolution
		HideSolutionNode = FALSE
	EndGlobalSection
	GlobalSection(ExtensibilityGlobals) = postSolution
		SolutionGuid = {A63799E1-EFF6-4140-9167-16B2A76D9AA7}
	EndGlobalSection
EndGlobal
