
Microsoft Visual Studio Solution File, Format Version 12.00
# Visual Studio Version 16
VisualStudioVersion = 16.0.29911.84
MinimumVisualStudioVersion = 10.0.40219.1
Project("{FAE04EC0-301F-11D3-BF4B-00C04F79EFBC}") = "grsg", "grsg\grsg.csproj", "{28CF9418-16CA-47A5-9D84-708662011078}"
EndProject
Global
	GlobalSection(SolutionConfigurationPlatforms) = preSolution
		Debug|Any CPU = Debug|Any CPU
		Release|Any CPU = Release|Any CPU
	EndGlobalSection
	GlobalSection(ProjectConfigurationPlatforms) = postSolution
		{28CF9418-16CA-47A5-9D84-708662011078}.Debug|Any CPU.ActiveCfg = Debug|Any CPU
		{28CF9418-16CA-47A5-9D84-708662011078}.Debug|Any CPU.Build.0 = Debug|Any CPU
		{28CF9418-16CA-47A5-9D84-708662011078}.Release|Any CPU.ActiveCfg = Release|Any CPU
		{28CF9418-16CA-47A5-9D84-708662011078}.Release|Any CPU.Build.0 = Release|Any CPU
	EndGlobalSection
	GlobalSection(SolutionProperties) = preSolution
		HideSolutionNode = FALSE
	EndGlobalSection
	GlobalSection(ExtensibilityGlobals) = postSolution
		SolutionGuid = {66346909-C186-4370-BD9D-01B5ED8E258A}
	EndGlobalSection
EndGlobal
