
Microsoft Visual Studio Solution File, Format Version 12.00
# Visual Studio Version 16
VisualStudioVersion = 16.0.29306.81
MinimumVisualStudioVersion = 10.0.40219.1
Project("{FAE04EC0-301F-11D3-BF4B-00C04F79EFBC}") = "TailoringExercise", "TailoringExercise\TailoringExercise.csproj", "{71315A35-C575-4766-8FEC-C433635B6366}"
EndProject
Global
	GlobalSection(SolutionConfigurationPlatforms) = preSolution
		Debug|Any CPU = Debug|Any CPU
		Release|Any CPU = Release|Any CPU
	EndGlobalSection
	GlobalSection(ProjectConfigurationPlatforms) = postSolution
		{71315A35-C575-4766-8FEC-C433635B6366}.Debug|Any CPU.ActiveCfg = Debug|Any CPU
		{71315A35-C575-4766-8FEC-C433635B6366}.Debug|Any CPU.Build.0 = Debug|Any CPU
		{71315A35-C575-4766-8FEC-C433635B6366}.Release|Any CPU.ActiveCfg = Release|Any CPU
		{71315A35-C575-4766-8FEC-C433635B6366}.Release|Any CPU.Build.0 = Release|Any CPU
	EndGlobalSection
	GlobalSection(SolutionProperties) = preSolution
		HideSolutionNode = FALSE
	EndGlobalSection
	GlobalSection(ExtensibilityGlobals) = postSolution
		SolutionGuid = {364AB4A8-36DE-464A-8B56-ED0FCB1FDE55}
	EndGlobalSection
EndGlobal
