
Microsoft Visual Studio Solution File, Format Version 12.00
# Visual Studio Version 16
VisualStudioVersion = 16.0.29306.81
MinimumVisualStudioVersion = 10.0.40219.1
Project("{FAE04EC0-301F-11D3-BF4B-00C04F79EFBC}") = "FishTank", "FishTank\FishTank.csproj", "{38A6F41F-F241-43BA-99CD-86A43B0FC6FD}"
EndProject
Global
	GlobalSection(SolutionConfigurationPlatforms) = preSolution
		Debug|Any CPU = Debug|Any CPU
		Release|Any CPU = Release|Any CPU
	EndGlobalSection
	GlobalSection(ProjectConfigurationPlatforms) = postSolution
		{38A6F41F-F241-43BA-99CD-86A43B0FC6FD}.Debug|Any CPU.ActiveCfg = Debug|Any CPU
		{38A6F41F-F241-43BA-99CD-86A43B0FC6FD}.Debug|Any CPU.Build.0 = Debug|Any CPU
		{38A6F41F-F241-43BA-99CD-86A43B0FC6FD}.Release|Any CPU.ActiveCfg = Release|Any CPU
		{38A6F41F-F241-43BA-99CD-86A43B0FC6FD}.Release|Any CPU.Build.0 = Release|Any CPU
	EndGlobalSection
	GlobalSection(SolutionProperties) = preSolution
		HideSolutionNode = FALSE
	EndGlobalSection
	GlobalSection(ExtensibilityGlobals) = postSolution
		SolutionGuid = {51A43E5D-6602-4D0B-8574-50A61EEE62F0}
	EndGlobalSection
EndGlobal
