
Microsoft Visual Studio Solution File, Format Version 12.00
# Visual Studio Version 16
VisualStudioVersion = 16.0.29215.179
MinimumVisualStudioVersion = 10.0.40219.1
Project("{FAE04EC0-301F-11D3-BF4B-00C04F79EFBC}") = "Hello c", "Hello c.csproj", "{79B17A0C-B84A-4631-9D20-B13EBEABDEB0}"
EndProject
Global
	GlobalSection(SolutionConfigurationPlatforms) = preSolution
		Debug|Any CPU = Debug|Any CPU
		Release|Any CPU = Release|Any CPU
	EndGlobalSection
	GlobalSection(ProjectConfigurationPlatforms) = postSolution
		{79B17A0C-B84A-4631-9D20-B13EBEABDEB0}.Debug|Any CPU.ActiveCfg = Debug|Any CPU
		{79B17A0C-B84A-4631-9D20-B13EBEABDEB0}.Debug|Any CPU.Build.0 = Debug|Any CPU
		{79B17A0C-B84A-4631-9D20-B13EBEABDEB0}.Release|Any CPU.ActiveCfg = Release|Any CPU
		{79B17A0C-B84A-4631-9D20-B13EBEABDEB0}.Release|Any CPU.Build.0 = Release|Any CPU
	EndGlobalSection
	GlobalSection(SolutionProperties) = preSolution
		HideSolutionNode = FALSE
	EndGlobalSection
	GlobalSection(ExtensibilityGlobals) = postSolution
		SolutionGuid = {97D8A509-70E4-4B03-9EBE-81C974787685}
	EndGlobalSection
EndGlobal
