
Microsoft Visual Studio Solution File, Format Version 12.00
# Visual Studio Version 16
VisualStudioVersion = 16.0.29306.81
MinimumVisualStudioVersion = 10.0.40219.1
Project("{FAE04EC0-301F-11D3-BF4B-00C04F79EFBC}") = "Humore", "Humore\Humore.csproj", "{83CFCF6A-A4F5-44A0-9C2F-B9D00DD03A90}"
EndProject
Global
	GlobalSection(SolutionConfigurationPlatforms) = preSolution
		Debug|Any CPU = Debug|Any CPU
		Release|Any CPU = Release|Any CPU
	EndGlobalSection
	GlobalSection(ProjectConfigurationPlatforms) = postSolution
		{83CFCF6A-A4F5-44A0-9C2F-B9D00DD03A90}.Debug|Any CPU.ActiveCfg = Debug|Any CPU
		{83CFCF6A-A4F5-44A0-9C2F-B9D00DD03A90}.Debug|Any CPU.Build.0 = Debug|Any CPU
		{83CFCF6A-A4F5-44A0-9C2F-B9D00DD03A90}.Release|Any CPU.ActiveCfg = Release|Any CPU
		{83CFCF6A-A4F5-44A0-9C2F-B9D00DD03A90}.Release|Any CPU.Build.0 = Release|Any CPU
	EndGlobalSection
	GlobalSection(SolutionProperties) = preSolution
		HideSolutionNode = FALSE
	EndGlobalSection
	GlobalSection(ExtensibilityGlobals) = postSolution
		SolutionGuid = {39D790A7-5DAA-472E-8A60-981B6225D139}
	EndGlobalSection
EndGlobal
