
Microsoft Visual Studio Solution File, Format Version 12.00
# Visual Studio Version 16
VisualStudioVersion = 16.0.29306.81
MinimumVisualStudioVersion = 10.0.40219.1
Project("{FAE04EC0-301F-11D3-BF4B-00C04F79EFBC}") = "CelziiToFarenhain", "CelziiToFarenhain\CelziiToFarenhain.csproj", "{397761E3-0B5F-4C68-B90A-B01B3A404DAB}"
EndProject
Global
	GlobalSection(SolutionConfigurationPlatforms) = preSolution
		Debug|Any CPU = Debug|Any CPU
		Release|Any CPU = Release|Any CPU
	EndGlobalSection
	GlobalSection(ProjectConfigurationPlatforms) = postSolution
		{397761E3-0B5F-4C68-B90A-B01B3A404DAB}.Debug|Any CPU.ActiveCfg = Debug|Any CPU
		{397761E3-0B5F-4C68-B90A-B01B3A404DAB}.Debug|Any CPU.Build.0 = Debug|Any CPU
		{397761E3-0B5F-4C68-B90A-B01B3A404DAB}.Release|Any CPU.ActiveCfg = Release|Any CPU
		{397761E3-0B5F-4C68-B90A-B01B3A404DAB}.Release|Any CPU.Build.0 = Release|Any CPU
	EndGlobalSection
	GlobalSection(SolutionProperties) = preSolution
		HideSolutionNode = FALSE
	EndGlobalSection
	GlobalSection(ExtensibilityGlobals) = postSolution
		SolutionGuid = {F3B774F6-34A6-4486-8080-7A6CC336B12C}
	EndGlobalSection
EndGlobal
